
Microsoft Visual Studio Solution File, Format Version 12.00
# Visual Studio Version 17
VisualStudioVersion = 17.0.31912.275
MinimumVisualStudioVersion = 10.0.40219.1
Project("{FAE04EC0-301F-11D3-BF4B-00C04F79EFBC}") = "WpfApp4", "WpfApp4\WpfApp4.csproj", "{A31CE660-38ED-4D95-8669-5EEA9BED6693}"
EndProject
Global
	GlobalSection(SolutionConfigurationPlatforms) = preSolution
		Debug|Any CPU = Debug|Any CPU
		Release|Any CPU = Release|Any CPU
	EndGlobalSection
	GlobalSection(ProjectConfigurationPlatforms) = postSolution
		{A31CE660-38ED-4D95-8669-5EEA9BED6693}.Debug|Any CPU.ActiveCfg = Debug|Any CPU
		{A31CE660-38ED-4D95-8669-5EEA9BED6693}.Debug|Any CPU.Build.0 = Debug|Any CPU
		{A31CE660-38ED-4D95-8669-5EEA9BED6693}.Release|Any CPU.ActiveCfg = Release|Any CPU
		{A31CE660-38ED-4D95-8669-5EEA9BED6693}.Release|Any CPU.Build.0 = Release|Any CPU
	EndGlobalSection
	GlobalSection(SolutionProperties) = preSolution
		HideSolutionNode = FALSE
	EndGlobalSection
	GlobalSection(ExtensibilityGlobals) = postSolution
		SolutionGuid = {5A4C4722-E79F-4472-84F1-59B2DEBEBDBB}
	EndGlobalSection
EndGlobal
